{
  "name": "mpr-form-valid",
  "version": "1.1.6",
  "lockfileVersion": 1,
  "requires": true,
  "dependencies": {
    "dom-scroll-into-view": {
      "version": "2.0.1",
      "resolved": "http://172.16.2.111:4873/dom-scroll-into-view/-/dom-scroll-into-view-2.0.1.tgz",
      "integrity": "sha1-DezIUigB/Y0/HGujVadNOCxfmJs="
    }
  }
}
